
Microsoft Visual Studio Solution File, Format Version 12.00
# Visual Studio Version 17
VisualStudioVersion = 17.4.33213.308
MinimumVisualStudioVersion = 10.0.40219.1
Project("{FAE04EC0-301F-11D3-BF4B-00C04F79EFBC}") = "DATT.2023_API", "DATT.2023_API\DATT.2023_API.csproj", "{C0651B52-B00D-4933-AC68-0D829E99F3C1}"
EndProject
Global
	GlobalSection(SolutionConfigurationPlatforms) = preSolution
		Debug|Any CPU = Debug|Any CPU
		Release|Any CPU = Release|Any CPU
	EndGlobalSection
	GlobalSection(ProjectConfigurationPlatforms) = postSolution
		{C0651B52-B00D-4933-AC68-0D829E99F3C1}.Debug|Any CPU.ActiveCfg = Debug|Any CPU
		{C0651B52-B00D-4933-AC68-0D829E99F3C1}.Debug|Any CPU.Build.0 = Debug|Any CPU
		{C0651B52-B00D-4933-AC68-0D829E99F3C1}.Release|Any CPU.ActiveCfg = Release|Any CPU
		{C0651B52-B00D-4933-AC68-0D829E99F3C1}.Release|Any CPU.Build.0 = Release|Any CPU
	EndGlobalSection
	GlobalSection(SolutionProperties) = preSolution
		HideSolutionNode = FALSE
	EndGlobalSection
	GlobalSection(ExtensibilityGlobals) = postSolution
		SolutionGuid = {5CDD399F-1440-491D-841E-4809CBC9FCE3}
	EndGlobalSection
EndGlobal
