
Microsoft Visual Studio Solution File, Format Version 12.00
# Visual Studio Version 17
VisualStudioVersion = 17.4.33213.308
MinimumVisualStudioVersion = 10.0.40219.1
Project("{9A19103F-16F7-4668-BE54-9A1E7A4F7556}") = "DATT.2023.API", "DATT.2023_API\DATT.2023.API.csproj", "{C0651B52-B00D-4933-AC68-0D829E99F3C1}"
EndProject
Project("{FAE04EC0-301F-11D3-BF4B-00C04F79EFBC}") = "DATT.2023.BL", "DATT.2023_BL\DATT.2023.BL.csproj", "{0715A2B2-80AE-4A00-A80B-8606DF468021}"
EndProject
Project("{FAE04EC0-301F-11D3-BF4B-00C04F79EFBC}") = "DATT.2023.DL", "DATT.2023_DL\DATT.2023.DL.csproj", "{E7F48840-EA8B-4A6B-9995-9B2E59B49780}"
EndProject
Project("{FAE04EC0-301F-11D3-BF4B-00C04F79EFBC}") = "DATT.2023.COMMON", "DATT.2023_COMMOM\DATT.2023.COMMON.csproj", "{E41BBD28-443D-4450-9C0E-E6F6FE83F3F0}"
EndProject
Global
	GlobalSection(SolutionConfigurationPlatforms) = preSolution
		Debug|Any CPU = Debug|Any CPU
		Release|Any CPU = Release|Any CPU
	EndGlobalSection
	GlobalSection(ProjectConfigurationPlatforms) = postSolution
		{C0651B52-B00D-4933-AC68-0D829E99F3C1}.Debug|Any CPU.ActiveCfg = Debug|Any CPU
		{C0651B52-B00D-4933-AC68-0D829E99F3C1}.Debug|Any CPU.Build.0 = Debug|Any CPU
		{C0651B52-B00D-4933-AC68-0D829E99F3C1}.Release|Any CPU.ActiveCfg = Release|Any CPU
		{C0651B52-B00D-4933-AC68-0D829E99F3C1}.Release|Any CPU.Build.0 = Release|Any CPU
		{0715A2B2-80AE-4A00-A80B-8606DF468021}.Debug|Any CPU.ActiveCfg = Debug|Any CPU
		{0715A2B2-80AE-4A00-A80B-8606DF468021}.Debug|Any CPU.Build.0 = Debug|Any CPU
		{0715A2B2-80AE-4A00-A80B-8606DF468021}.Release|Any CPU.ActiveCfg = Release|Any CPU
		{0715A2B2-80AE-4A00-A80B-8606DF468021}.Release|Any CPU.Build.0 = Release|Any CPU
		{E7F48840-EA8B-4A6B-9995-9B2E59B49780}.Debug|Any CPU.ActiveCfg = Debug|Any CPU
		{E7F48840-EA8B-4A6B-9995-9B2E59B49780}.Debug|Any CPU.Build.0 = Debug|Any CPU
		{E7F48840-EA8B-4A6B-9995-9B2E59B49780}.Release|Any CPU.ActiveCfg = Release|Any CPU
		{E7F48840-EA8B-4A6B-9995-9B2E59B49780}.Release|Any CPU.Build.0 = Release|Any CPU
		{E41BBD28-443D-4450-9C0E-E6F6FE83F3F0}.Debug|Any CPU.ActiveCfg = Debug|Any CPU
		{E41BBD28-443D-4450-9C0E-E6F6FE83F3F0}.Debug|Any CPU.Build.0 = Debug|Any CPU
		{E41BBD28-443D-4450-9C0E-E6F6FE83F3F0}.Release|Any CPU.ActiveCfg = Release|Any CPU
		{E41BBD28-443D-4450-9C0E-E6F6FE83F3F0}.Release|Any CPU.Build.0 = Release|Any CPU
	EndGlobalSection
	GlobalSection(SolutionProperties) = preSolution
		HideSolutionNode = FALSE
	EndGlobalSection
	GlobalSection(ExtensibilityGlobals) = postSolution
		SolutionGuid = {5CDD399F-1440-491D-841E-4809CBC9FCE3}
	EndGlobalSection
EndGlobal
